
Microsoft Visual Studio Solution File, Format Version 12.00
# Visual Studio Version 17
VisualStudioVersion = 17.7.34031.279
MinimumVisualStudioVersion = 10.0.40219.1
Project("{FAE04EC0-301F-11D3-BF4B-00C04F79EFBC}") = "Bai3_OOP", "Bai3_OOP\Bai3_OOP.csproj", "{B8D61F1E-CB89-4549-90BC-A6C74FB11DA6}"
EndProject
Global
	GlobalSection(SolutionConfigurationPlatforms) = preSolution
		Debug|Any CPU = Debug|Any CPU
		Release|Any CPU = Release|Any CPU
	EndGlobalSection
	GlobalSection(ProjectConfigurationPlatforms) = postSolution
		{B8D61F1E-CB89-4549-90BC-A6C74FB11DA6}.Debug|Any CPU.ActiveCfg = Debug|Any CPU
		{B8D61F1E-CB89-4549-90BC-A6C74FB11DA6}.Debug|Any CPU.Build.0 = Debug|Any CPU
		{B8D61F1E-CB89-4549-90BC-A6C74FB11DA6}.Release|Any CPU.ActiveCfg = Release|Any CPU
		{B8D61F1E-CB89-4549-90BC-A6C74FB11DA6}.Release|Any CPU.Build.0 = Release|Any CPU
	EndGlobalSection
	GlobalSection(SolutionProperties) = preSolution
		HideSolutionNode = FALSE
	EndGlobalSection
	GlobalSection(ExtensibilityGlobals) = postSolution
		SolutionGuid = {FD323AF2-2D8C-4266-A8BA-58A06E114C5F}
	EndGlobalSection
EndGlobal
