
Microsoft Visual Studio Solution File, Format Version 12.00
# Visual Studio Version 17
VisualStudioVersion = 17.7.34031.279
MinimumVisualStudioVersion = 10.0.40219.1
Project("{FAE04EC0-301F-11D3-BF4B-00C04F79EFBC}") = "Bai6_OOP", "Bai6_OOP\Bai6_OOP.csproj", "{0A343D6C-B60C-426A-9EE5-69A19345C88F}"
EndProject
Global
	GlobalSection(SolutionConfigurationPlatforms) = preSolution
		Debug|Any CPU = Debug|Any CPU
		Release|Any CPU = Release|Any CPU
	EndGlobalSection
	GlobalSection(ProjectConfigurationPlatforms) = postSolution
		{0A343D6C-B60C-426A-9EE5-69A19345C88F}.Debug|Any CPU.ActiveCfg = Debug|Any CPU
		{0A343D6C-B60C-426A-9EE5-69A19345C88F}.Debug|Any CPU.Build.0 = Debug|Any CPU
		{0A343D6C-B60C-426A-9EE5-69A19345C88F}.Release|Any CPU.ActiveCfg = Release|Any CPU
		{0A343D6C-B60C-426A-9EE5-69A19345C88F}.Release|Any CPU.Build.0 = Release|Any CPU
	EndGlobalSection
	GlobalSection(SolutionProperties) = preSolution
		HideSolutionNode = FALSE
	EndGlobalSection
	GlobalSection(ExtensibilityGlobals) = postSolution
		SolutionGuid = {02F4BE0E-3CEE-4C40-8944-3BCAC6C7E831}
	EndGlobalSection
EndGlobal
